
Microsoft Visual Studio Solution File, Format Version 12.00
# Visual Studio Version 17
VisualStudioVersion = 17.9.34607.119
MinimumVisualStudioVersion = 10.0.40219.1
Project("{FAE04EC0-301F-11D3-BF4B-00C04F79EFBC}") = "ejemplos", "ejemplos\ejemplos.csproj", "{989D37D9-1CA7-4047-BEBB-0D05CDC2C825}"
EndProject
Global
	GlobalSection(SolutionConfigurationPlatforms) = preSolution
		Debug|Any CPU = Debug|Any CPU
		Release|Any CPU = Release|Any CPU
	EndGlobalSection
	GlobalSection(ProjectConfigurationPlatforms) = postSolution
		{989D37D9-1CA7-4047-BEBB-0D05CDC2C825}.Debug|Any CPU.ActiveCfg = Debug|Any CPU
		{989D37D9-1CA7-4047-BEBB-0D05CDC2C825}.Debug|Any CPU.Build.0 = Debug|Any CPU
		{989D37D9-1CA7-4047-BEBB-0D05CDC2C825}.Release|Any CPU.ActiveCfg = Release|Any CPU
		{989D37D9-1CA7-4047-BEBB-0D05CDC2C825}.Release|Any CPU.Build.0 = Release|Any CPU
	EndGlobalSection
	GlobalSection(SolutionProperties) = preSolution
		HideSolutionNode = FALSE
	EndGlobalSection
	GlobalSection(ExtensibilityGlobals) = postSolution
		SolutionGuid = {0E2ABE2C-1DAE-41ED-9D07-FC69F87C6AE4}
	EndGlobalSection
EndGlobal
